{
  "name": "purple",
  "lockfileVersion": 3,
  "requires": true,
  "packages": {
    "": {
      "dependencies": {
        "fluid-dnd": "^2.4.0"
      }
    },
    "node_modules/fluid-dnd": {
      "version": "2.4.0",
      "resolved": "https://registry.npmjs.org/fluid-dnd/-/fluid-dnd-2.4.0.tgz",
      "integrity": "sha512-HrL+oVBArD+GyupqMOcNmVl1Vbm7R8o5rqQO9JNIImSyR99hRYNd1xX/U4ZjFANanlSWyR2e/wNDAF2rTZOKFw==",
      "license": "MIT"
    }
  }
}
